github.com/HugoBlox/hugo-blox-builder/modules/blox-bootstrap/v5 v5.9.7 h1:QPek2BL723n+uM4DjyV97qNIoPsmt/vnKAQyaGJbgvQ=
github.com/HugoBlox/hugo-blox-builder/modules/blox-bootstrap/v5 v5.9.7/go.mod h1:xZiTEEurbEwj/NhZohozvlyLCGVCT2wARHDAJeqKG/c=
github.com/HugoBlox/hugo-blox-builder/modules/blox-core v0.3.1/go.mod h1:So8+V2U+TNxlXmcpZfdDX0muLh3PdJ7z92h30sv3bZg=
github.com/HugoBlox/hugo-blox-builder/modules/blox-seo v0.2.2/go.mod h1:NsESu6cEms1DgH84icCyylElg2Zu8A0f7Fma5JR0LZE=
github.com/wowchemy/wowchemy-hugo-themes/modules/wowchemy-core v0.1.0 h1:ve5jt2BOiA98DLBg8z6tRbBlMqY3mYf0EKz74zdz2zI=
github.com/wowchemy/wowchemy-hugo-themes/modules/wowchemy-core v0.1.0/go.mod h1:kJwI9H8dicHQCnP8G9EvUDI+oNg/yXcGsjGjwjXuM8I=
github.com/wowchemy/wowchemy-hugo-themes/modules/wowchemy-plugin-netlify v1.0.1-0.20220924121832-460f6195421f h1:Wave7jjtUumWftEXqJtXS6WmT4Hn1HPXZ0QWdKBMN4c=
github.com/wowchemy/wowchemy-hugo-themes/modules/wowchemy-plugin-netlify v1.0.1-0.20220924121832-460f6195421f/go.mod h1:s40UgLsWfVyCLQ2F4F3dBcNfZOXcPGld7KxsKhZdzvM=
github.com/wowchemy/wowchemy-hugo-themes/modules/wowchemy-plugin-netlify-cms v1.0.1-0.20220924121832-460f6195421f h1:4EtJn/PMhFe4xcYVc+7pdc3uwJgOsyHRvoq9jIgfoE4=
github.com/wowchemy/wowchemy-hugo-themes/modules/wowchemy-plugin-netlify-cms v1.0.1-0.20220924121832-460f6195421f/go.mod h1:X1mETJo6Lkv9tEgfU0UYFRiRInf0RbgW+s1RKXB4GMA=
github.com/wowchemy/wowchemy-hugo-themes/modules/wowchemy-seo v0.1.0 h1:F88vu4BBy6mdLU+/AUUmx28FIplQ+uM9qvADrMmbh38=
github.com/wowchemy/wowchemy-hugo-themes/modules/wowchemy-seo v0.1.0/go.mod h1:R01vz++1i/KR2n00aWGcs6m/L7ky1klbrpqA2KXjMCk=
github.com/wowchemy/wowchemy-hugo-themes/modules/wowchemy/v5 v5.7.0 h1:j0H7ApKal0qdWWdFbT7S/F3XQ7959nO3+kA6lLN4jec=
github.com/wowchemy/wowchemy-hugo-themes/modules/wowchemy/v5 v5.7.0/go.mod h1:pxtkh2Fw4Vdwh2NvIYpCqhR0g7MgwVAxFN1lW9Rep44=
